
Microsoft Visual Studio Solution File, Format Version 12.00
# Visual Studio Version 16
VisualStudioVersion = 16.0.29215.179
MinimumVisualStudioVersion = 10.0.40219.1
Project("{FAE04EC0-301F-11D3-BF4B-00C04F79EFBC}") = "TicTacToeGame", "TicTacToeGame\TicTacToeGame.csproj", "{AA236A60-D822-4E87-B201-1BE6858E03D6}"
EndProject
Project("{FAE04EC0-301F-11D3-BF4B-00C04F79EFBC}") = "TDD-Course", "TDD-Course\TDD-Course.csproj", "{8D65FE12-239F-4C92-A9E0-928FF70FF616}"
EndProject
Global
	GlobalSection(SolutionConfigurationPlatforms) = preSolution
		Debug|Any CPU = Debug|Any CPU
		Release|Any CPU = Release|Any CPU
	EndGlobalSection
	GlobalSection(ProjectConfigurationPlatforms) = postSolution
		{AA236A60-D822-4E87-B201-1BE6858E03D6}.Debug|Any CPU.ActiveCfg = Debug|Any CPU
		{AA236A60-D822-4E87-B201-1BE6858E03D6}.Debug|Any CPU.Build.0 = Debug|Any CPU
		{AA236A60-D822-4E87-B201-1BE6858E03D6}.Release|Any CPU.ActiveCfg = Release|Any CPU
		{AA236A60-D822-4E87-B201-1BE6858E03D6}.Release|Any CPU.Build.0 = Release|Any CPU
		{8D65FE12-239F-4C92-A9E0-928FF70FF616}.Debug|Any CPU.ActiveCfg = Debug|Any CPU
		{8D65FE12-239F-4C92-A9E0-928FF70FF616}.Debug|Any CPU.Build.0 = Debug|Any CPU
		{8D65FE12-239F-4C92-A9E0-928FF70FF616}.Release|Any CPU.ActiveCfg = Release|Any CPU
		{8D65FE12-239F-4C92-A9E0-928FF70FF616}.Release|Any CPU.Build.0 = Release|Any CPU
	EndGlobalSection
	GlobalSection(SolutionProperties) = preSolution
		HideSolutionNode = FALSE
	EndGlobalSection
	GlobalSection(ExtensibilityGlobals) = postSolution
		SolutionGuid = {F58A25EB-2AF9-47D0-A4DB-08C4BF6807BB}
	EndGlobalSection
EndGlobal
