
Microsoft Visual Studio Solution File, Format Version 12.00
# Visual Studio Version 16
VisualStudioVersion = 16.0.29215.179
MinimumVisualStudioVersion = 10.0.40219.1
Project("{9A19103F-16F7-4668-BE54-9A1E7A4F7556}") = "Test Driven Development Practice", "Test Driven Development practice\Test Driven Development Practice.csproj", "{D6B6AE7D-6963-4907-B2B4-C74ED45AA647}"
EndProject
Global
	GlobalSection(SolutionConfigurationPlatforms) = preSolution
		Debug|Any CPU = Debug|Any CPU
		Release|Any CPU = Release|Any CPU
	EndGlobalSection
	GlobalSection(ProjectConfigurationPlatforms) = postSolution
		{D6B6AE7D-6963-4907-B2B4-C74ED45AA647}.Debug|Any CPU.ActiveCfg = Debug|Any CPU
		{D6B6AE7D-6963-4907-B2B4-C74ED45AA647}.Debug|Any CPU.Build.0 = Debug|Any CPU
		{D6B6AE7D-6963-4907-B2B4-C74ED45AA647}.Release|Any CPU.ActiveCfg = Release|Any CPU
		{D6B6AE7D-6963-4907-B2B4-C74ED45AA647}.Release|Any CPU.Build.0 = Release|Any CPU
	EndGlobalSection
	GlobalSection(SolutionProperties) = preSolution
		HideSolutionNode = FALSE
	EndGlobalSection
	GlobalSection(ExtensibilityGlobals) = postSolution
		SolutionGuid = {F58A25EB-2AF9-47D0-A4DB-08C4BF6807BB}
	EndGlobalSection
EndGlobal
